
Microsoft Visual Studio Solution File, Format Version 12.00
# Visual Studio Version 17
VisualStudioVersion = 17.9.34723.18
MinimumVisualStudioVersion = 10.0.40219.1
Project("{FAE04EC0-301F-11D3-BF4B-00C04F79EFBC}") = "EdmentumPOC", "EdmentumPOC.csproj", "{9FA6A6A4-F613-4C57-8294-CD41C4909457}"
EndProject
Project("{FAE04EC0-301F-11D3-BF4B-00C04F79EFBC}") = "EdmentumDAL", "..\EdmentumDAL\EdmentumDAL.csproj", "{D2360745-A77D-422A-9F12-67F414C07413}"
EndProject
Project("{FAE04EC0-301F-11D3-BF4B-00C04F79EFBC}") = "EdmentumBLL", "..\EdmentumBLL\EdmentumBLL.csproj", "{D9D70EFF-ECE1-4F46-8D49-9764B667F03E}"
EndProject
Global
	GlobalSection(SolutionConfigurationPlatforms) = preSolution
		Debug|Any CPU = Debug|Any CPU
		Release|Any CPU = Release|Any CPU
	EndGlobalSection
	GlobalSection(ProjectConfigurationPlatforms) = postSolution
		{9FA6A6A4-F613-4C57-8294-CD41C4909457}.Debug|Any CPU.ActiveCfg = Debug|Any CPU
		{9FA6A6A4-F613-4C57-8294-CD41C4909457}.Debug|Any CPU.Build.0 = Debug|Any CPU
		{9FA6A6A4-F613-4C57-8294-CD41C4909457}.Release|Any CPU.ActiveCfg = Release|Any CPU
		{9FA6A6A4-F613-4C57-8294-CD41C4909457}.Release|Any CPU.Build.0 = Release|Any CPU
		{D2360745-A77D-422A-9F12-67F414C07413}.Debug|Any CPU.ActiveCfg = Debug|Any CPU
		{D2360745-A77D-422A-9F12-67F414C07413}.Debug|Any CPU.Build.0 = Debug|Any CPU
		{D2360745-A77D-422A-9F12-67F414C07413}.Release|Any CPU.ActiveCfg = Release|Any CPU
		{D2360745-A77D-422A-9F12-67F414C07413}.Release|Any CPU.Build.0 = Release|Any CPU
		{D9D70EFF-ECE1-4F46-8D49-9764B667F03E}.Debug|Any CPU.ActiveCfg = Debug|Any CPU
		{D9D70EFF-ECE1-4F46-8D49-9764B667F03E}.Debug|Any CPU.Build.0 = Debug|Any CPU
		{D9D70EFF-ECE1-4F46-8D49-9764B667F03E}.Release|Any CPU.ActiveCfg = Release|Any CPU
		{D9D70EFF-ECE1-4F46-8D49-9764B667F03E}.Release|Any CPU.Build.0 = Release|Any CPU
	EndGlobalSection
	GlobalSection(SolutionProperties) = preSolution
		HideSolutionNode = FALSE
	EndGlobalSection
	GlobalSection(ExtensibilityGlobals) = postSolution
		SolutionGuid = {836814FF-45D4-4B03-9394-3F23F0106CC2}
	EndGlobalSection
EndGlobal
